{
  "name": "triggerfish-percussion-workbench",
  "version": "0.1.0",
  "lockfileVersion": 3,
  "requires": true,
  "packages": {
    "": {
      "name": "triggerfish-percussion-workbench",
      "version": "0.1.0",
      "devDependencies": {
        "plotly.js-dist-min": "3.7.0"
      }
    },
    "node_modules/plotly.js-dist-min": {
      "version": "3.7.0",
      "resolved": "https://registry.npmjs.org/plotly.js-dist-min/-/plotly.js-dist-min-3.7.0.tgz",
      "integrity": "sha512-IRWNnBJZmKss3URDnicBK2nvt/VTSi/MD1GnUscAYFjwSuN6g/CTde5R1UC0RYtblehj8rkT4BL8r05e/c8j5Q==",
      "dev": true,
      "license": "MIT"
    }
  }
}
